
Microsoft Visual Studio Solution File, Format Version 12.00
# Visual Studio Version 17
VisualStudioVersion = 17.5.33530.505
MinimumVisualStudioVersion = 10.0.40219.1
Project("{9A19103F-16F7-4668-BE54-9A1E7A4F7556}") = "Interface", "Interface\Interface.csproj", "{F76448B6-10A7-41DE-A730-1A1878350AAD}"
EndProject
Global
	GlobalSection(SolutionConfigurationPlatforms) = preSolution
		Debug|Any CPU = Debug|Any CPU
		Release|Any CPU = Release|Any CPU
	EndGlobalSection
	GlobalSection(ProjectConfigurationPlatforms) = postSolution
		{F76448B6-10A7-41DE-A730-1A1878350AAD}.Debug|Any CPU.ActiveCfg = Debug|Any CPU
		{F76448B6-10A7-41DE-A730-1A1878350AAD}.Debug|Any CPU.Build.0 = Debug|Any CPU
		{F76448B6-10A7-41DE-A730-1A1878350AAD}.Release|Any CPU.ActiveCfg = Release|Any CPU
		{F76448B6-10A7-41DE-A730-1A1878350AAD}.Release|Any CPU.Build.0 = Release|Any CPU
	EndGlobalSection
	GlobalSection(SolutionProperties) = preSolution
		HideSolutionNode = FALSE
	EndGlobalSection
	GlobalSection(ExtensibilityGlobals) = postSolution
		SolutionGuid = {5A84F91B-E6F8-40DA-92B4-B61229893B93}
	EndGlobalSection
EndGlobal
